PODS:
  - SAEvents (1.7.0):
    - SAEvents/Core (= 1.7.0)
    - SAModelSpace (= 0.3.9)
    - SANetworking (= 0.2.9)
    - SAUtils (= 1.5.0)
  - SAEvents/Core (1.7.0):
    - SAModelSpace (= 0.3.9)
    - SANetworking (= 0.2.9)
    - SAUtils (= 1.5.0)
  - SAEvents/Moat (1.7.0):
    - SAEvents/Core
    - SAModelSpace (= 0.3.9)
    - SANetworking (= 0.2.9)
    - SAUtils (= 1.5.0)
  - SAJsonParser (1.3.2)
  - SAModelSpace (0.3.9):
    - SAJsonParser (= 1.3.2)
    - SAUtils (= 1.5.0)
  - SANetworking (0.2.9)
  - SAUtils (1.5.0)
  - SAVideoPlayer (1.1.9)
  - SAWebPlayer (1.1.1)

DEPENDENCIES:
  - SAEvents (from `../`)
  - SAEvents/Moat (from `../`)
  - SAVideoPlayer
  - SAWebPlayer

EXTERNAL SOURCES:
  SAEvents:
    :path: ../

SPEC CHECKSUMS:
  SAEvents: 8198aa7ded2b1194aa8b1c241cca8890c1b9c39e
  SAJsonParser: d0db6d8c737c04f8bf4e9474e82825347aa24f58
  SAModelSpace: 83e2c836b23e15bc84fa2255e233e9a2801d2886
  SANetworking: 40e2a8ffd5c680be57dfd91426f3c74933ad1d80
  SAUtils: 1e8b881ca8c7fac2749c8fd9b851f0b344611035
  SAVideoPlayer: 184e92d57c1b11e45534279649eb5b6a39b3c0d3
  SAWebPlayer: 658c7265582295ded0b3a38e5720647692992a1a

PODFILE CHECKSUM: f79a1b2e410e11bbfc9d8b2587261f1208959e3e

COCOAPODS: 1.2.0.beta.1
